
Microsoft Visual Studio Solution File, Format Version 12.00
# Visual Studio Version 16
VisualStudioVersion = 16.0.31205.134
MinimumVisualStudioVersion = 10.0.40219.1
Project("{FAE04EC0-301F-11D3-BF4B-00C04F79EFBC}") = "AssinaturaPDF", "AssinaturaPDF\AssinaturaPDF.csproj", "{F8F88DBD-4469-4FCE-A33C-DCCFF2EF1A71}"
EndProject
Global
	GlobalSection(SolutionConfigurationPlatforms) = preSolution
		Debug|Any CPU = Debug|Any CPU
		Release|Any CPU = Release|Any CPU
	EndGlobalSection
	GlobalSection(ProjectConfigurationPlatforms) = postSolution
		{F8F88DBD-4469-4FCE-A33C-DCCFF2EF1A71}.Debug|Any CPU.ActiveCfg = Debug|Any CPU
		{F8F88DBD-4469-4FCE-A33C-DCCFF2EF1A71}.Debug|Any CPU.Build.0 = Debug|Any CPU
		{F8F88DBD-4469-4FCE-A33C-DCCFF2EF1A71}.Release|Any CPU.ActiveCfg = Release|Any CPU
		{F8F88DBD-4469-4FCE-A33C-DCCFF2EF1A71}.Release|Any CPU.Build.0 = Release|Any CPU
	EndGlobalSection
	GlobalSection(SolutionProperties) = preSolution
		HideSolutionNode = FALSE
	EndGlobalSection
	GlobalSection(ExtensibilityGlobals) = postSolution
		SolutionGuid = {50DE0961-CE72-4E8F-A4C3-B5FE6B799BC9}
	EndGlobalSection
EndGlobal
